// !$*UTF8*$!
{
	archiveVersion = 1;
	classes = {
	};
	objectVersion = 55;
	objects = {

/* Begin PBXBuildFile section */
		8931883227E4164600A98505 /* AppDelegate.swift in Sources */ = {isa = PBXBuildFile; fileRef = 8931883127E4164600A98505 /* AppDelegate.swift */; };
		8931883427E4164600A98505 /* SceneDelegate.swift in Sources */ = {isa = PBXBuildFile; fileRef = 8931883327E4164600A98505 /* SceneDelegate.swift */; };
		8931883627E4164600A98505 /* ViewController.swift in Sources */ = {isa = PBXBuildFile; fileRef = 8931883527E4164600A98505 /* ViewController.swift */; };
		8931883927E4164600A98505 /* Main.storyboard in Resources */ = {isa = PBXBuildFile; fileRef = 8931883727E4164600A98505 /* Main.storyboard */; };
		8931883B27E4164700A98505 /* Assets.xcassets in Resources */ = {isa = PBXBuildFile; fileRef = 8931883A27E4164700A98505 /* Assets.xcassets */; };
		8931883E27E4164700A98505 /* LaunchScreen.storyboard in Resources */ = {isa = PBXBuildFile; fileRef = 8931883C27E4164700A98505 /* LaunchScreen.storyboard */; };
		8931884B27E420C400A98505 /* User.swift in Sources */ = {isa = PBXBuildFile; fileRef = 8931884A27E420C400A98505 /* User.swift */; };
		8931885027E4216800A98505 /* ViewModelProtocol.swift in Sources */ = {isa = PBXBuildFile; fileRef = 8931884F27E4216800A98505 /* ViewModelProtocol.swift */; };
		8931885427E4252F00A98505 /* ViewModel.swift in Sources */ = {isa = PBXBuildFile; fileRef = 8931885327E4252F00A98505 /* ViewModel.swift */; };
		8931885727E426EB00A98505 /* APIService.swift in Sources */ = {isa = PBXBuildFile; fileRef = 8931885627E426EB00A98505 /* APIService.swift */; };
		8931885927E42B4C00A98505 /* Observable.swift in Sources */ = {isa = PBXBuildFile; fileRef = 8931885827E42B4C00A98505 /* Observable.swift */; };
		89348C6B27E87D0300149A60 /* CollectionViewController.swift in Sources */ = {isa = PBXBuildFile; fileRef = 89348C6A27E87D0300149A60 /* CollectionViewController.swift */; };
		89348C7127E8895F00149A60 /* MyCollectionViewCell.xib in Resources */ = {isa = PBXBuildFile; fileRef = 89348C6F27E8895F00149A60 /* MyCollectionViewCell.xib */; };
		89348C7727E9AEE500149A60 /* MyCollectionView.swift in Sources */ = {isa = PBXBuildFile; fileRef = 89348C7627E9AEE500149A60 /* MyCollectionView.swift */; };
		894DDF1027F5494D009FDE68 /* NewImageController.swift in Sources */ = {isa = PBXBuildFile; fileRef = 894DDF0F27F5494D009FDE68 /* NewImageController.swift */; };
		896B74F227EC1E86001684C4 /* ImageViewController.swift in Sources */ = {isa = PBXBuildFile; fileRef = 896B74F127EC1E86001684C4 /* ImageViewController.swift */; };
		896B74F527EC2CD6001684C4 /* ColorExt.swift in Sources */ = {isa = PBXBuildFile; fileRef = 896B74F427EC2CD6001684C4 /* ColorExt.swift */; };
/* End PBXBuildFile section */

/* Begin PBXFileReference section */
		8931882E27E4164600A98505 /* DataBinding.app */ = {isa = PBXFileReference; explicitFileType = wrapper.application; includeInIndex = 0; path = DataBinding.app; sourceTree = BUILT_PRODUCTS_DIR; };
		8931883127E4164600A98505 /* AppDelegate.swift */ = {isa = PBXFileReference; lastKnownFileType = sourcecode.swift; path = AppDelegate.swift; sourceTree = "<group>"; };
		8931883327E4164600A98505 /* SceneDelegate.swift */ = {isa = PBXFileReference; lastKnownFileType = sourcecode.swift; path = SceneDelegate.swift; sourceTree = "<group>"; };
		8931883527E4164600A98505 /* ViewController.swift */ = {isa = PBXFileReference; lastKnownFileType = sourcecode.swift; path = ViewController.swift; sourceTree = "<group>"; };
		8931883827E4164600A98505 /* Base */ = {isa = PBXFileReference; lastKnownFileType = file.storyboard; name = Base; path = Base.lproj/Main.storyboard; sourceTree = "<group>"; };
		8931883A27E4164700A98505 /* Assets.xcassets */ = {isa = PBXFileReference; lastKnownFileType = folder.assetcatalog; path = Assets.xcassets; sourceTree = "<group>"; };
		8931883D27E4164700A98505 /* Base */ = {isa = PBXFileReference; lastKnownFileType = file.storyboard; name = Base; path = Base.lproj/LaunchScreen.storyboard; sourceTree = "<group>"; };
		8931883F27E4164700A98505 /* Info.plist */ = {isa = PBXFileReference; lastKnownFileType = text.plist.xml; path = Info.plist; sourceTree = "<group>"; };
		8931884A27E420C400A98505 /* User.swift */ = {isa = PBXFileReference; lastKnownFileType = sourcecode.swift; path = User.swift; sourceTree = "<group>"; };
		8931884F27E4216800A98505 /* ViewModelProtocol.swift */ = {isa = PBXFileReference; lastKnownFileType = sourcecode.swift; path = ViewModelProtocol.swift; sourceTree = "<group>"; };
		8931885327E4252F00A98505 /* ViewModel.swift */ = {isa = PBXFileReference; lastKnownFileType = sourcecode.swift; path = ViewModel.swift; sourceTree = "<group>"; };
		8931885627E426EB00A98505 /* APIService.swift */ = {isa = PBXFileReference; lastKnownFileType = sourcecode.swift; path = APIService.swift; sourceTree = "<group>"; };
		8931885827E42B4C00A98505 /* Observable.swift */ = {isa = PBXFileReference; lastKnownFileType = sourcecode.swift; path = Observable.swift; sourceTree = "<group>"; };
		89348C6A27E87D0300149A60 /* CollectionViewController.swift */ = {isa = PBXFileReference; lastKnownFileType = sourcecode.swift; path = CollectionViewController.swift; sourceTree = "<group>"; };
		89348C6F27E8895F00149A60 /* MyCollectionViewCell.xib */ = {isa = PBXFileReference; lastKnownFileType = file.xib; path = MyCollectionViewCell.xib; sourceTree = "<group>"; };
		89348C7627E9AEE500149A60 /* MyCollectionView.swift */ = {isa = PBXFileReference; lastKnownFileType = sourcecode.swift; path = MyCollectionView.swift; sourceTree = "<group>"; };
		894DDF0F27F5494D009FDE68 /* NewImageController.swift */ = {isa = PBXFileReference; lastKnownFileType = sourcecode.swift; path = NewImageController.swift; sourceTree = "<group>"; };
		896B74F127EC1E86001684C4 /* ImageViewController.swift */ = {isa = PBXFileReference; lastKnownFileType = sourcecode.swift; path = ImageViewController.swift; sourceTree = "<group>"; };
		896B74F427EC2CD6001684C4 /* ColorExt.swift */ = {isa = PBXFileReference; lastKnownFileType = sourcecode.swift; path = ColorExt.swift; sourceTree = "<group>"; };
/* End PBXFileReference section */

/* Begin PBXFrameworksBuildPhase section */
		8931882B27E4164600A98505 /* Frameworks */ = {
			isa = PBXFrameworksBuildPhase;
			buildActionMask = 2147483647;
			files = (
			);
			runOnlyForDeploymentPostprocessing = 0;
		};
/* End PBXFrameworksBuildPhase section */

/* Begin PBXGroup section */
		8931882527E4164600A98505 = {
			isa = PBXGroup;
			children = (
				8931883027E4164600A98505 /* DataBinding */,
				8931882F27E4164600A98505 /* Products */,
			);
			sourceTree = "<group>";
		};
		8931882F27E4164600A98505 /* Products */ = {
			isa = PBXGroup;
			children = (
				8931882E27E4164600A98505 /* DataBinding.app */,
			);
			name = Products;
			sourceTree = "<group>";
		};
		8931883027E4164600A98505 /* DataBinding */ = {
			isa = PBXGroup;
			children = (
				896B74F327EC2CB8001684C4 /* Ext */,
				8931885527E426DC00A98505 /* API */,
				8931884E27E4213E00A98505 /* protocol */,
				8931884D27E4212300A98505 /* view */,
				8931884C27E4211500A98505 /* viewmodel */,
				8931884927E4206A00A98505 /* model */,
				8931883127E4164600A98505 /* AppDelegate.swift */,
				8931883327E4164600A98505 /* SceneDelegate.swift */,
				8931883727E4164600A98505 /* Main.storyboard */,
				8931883A27E4164700A98505 /* Assets.xcassets */,
				8931883C27E4164700A98505 /* LaunchScreen.storyboard */,
				8931883F27E4164700A98505 /* Info.plist */,
			);
			path = DataBinding;
			sourceTree = "<group>";
		};
		8931884927E4206A00A98505 /* model */ = {
			isa = PBXGroup;
			children = (
				8931884A27E420C400A98505 /* User.swift */,
				8931885827E42B4C00A98505 /* Observable.swift */,
			);
			path = model;
			sourceTree = "<group>";
		};
		8931884C27E4211500A98505 /* viewmodel */ = {
			isa = PBXGroup;
			children = (
				8931885327E4252F00A98505 /* ViewModel.swift */,
			);
			path = viewmodel;
			sourceTree = "<group>";
		};
		8931884D27E4212300A98505 /* view */ = {
			isa = PBXGroup;
			children = (
				8931883527E4164600A98505 /* ViewController.swift */,
				89348C6A27E87D0300149A60 /* CollectionViewController.swift */,
				89348C6F27E8895F00149A60 /* MyCollectionViewCell.xib */,
				89348C7627E9AEE500149A60 /* MyCollectionView.swift */,
				896B74F127EC1E86001684C4 /* ImageViewController.swift */,
				894DDF0F27F5494D009FDE68 /* NewImageController.swift */,
			);
			path = view;
			sourceTree = "<group>";
		};
		8931884E27E4213E00A98505 /* protocol */ = {
			isa = PBXGroup;
			children = (
				8931884F27E4216800A98505 /* ViewModelProtocol.swift */,
			);
			path = protocol;
			sourceTree = "<group>";
		};
		8931885527E426DC00A98505 /* API */ = {
			isa = PBXGroup;
			children = (
				8931885627E426EB00A98505 /* APIService.swift */,
			);
			path = API;
			sourceTree = "<group>";
		};
		896B74F327EC2CB8001684C4 /* Ext */ = {
			isa = PBXGroup;
			children = (
				896B74F427EC2CD6001684C4 /* ColorExt.swift */,
			);
			path = Ext;
			sourceTree = "<group>";
		};
/* End PBXGroup section */

/* Begin PBXNativeTarget section */
		8931882D27E4164600A98505 /* DataBinding */ = {
			isa = PBXNativeTarget;
			buildConfigurationList = 8931884227E4164700A98505 /* Build configuration list for PBXNativeTarget "DataBinding" */;
			buildPhases = (
				8931882A27E4164600A98505 /* Sources */,
				8931882B27E4164600A98505 /* Frameworks */,
				8931882C27E4164600A98505 /* Resources */,
			);
			buildRules = (
			);
			dependencies = (
			);
			name = DataBinding;
			productName = DataBinding;
			productReference = 8931882E27E4164600A98505 /* DataBinding.app */;
			productType = "com.apple.product-type.application";
		};
/* End PBXNativeTarget section */

/* Begin PBXProject section */
		8931882627E4164600A98505 /* Project object */ = {
			isa = PBXProject;
			attributes = {
				BuildIndependentTargetsInParallel = 1;
				LastSwiftUpdateCheck = 1320;
				LastUpgradeCheck = 1320;
				TargetAttributes = {
					8931882D27E4164600A98505 = {
						CreatedOnToolsVersion = 13.2.1;
					};
				};
			};
			buildConfigurationList = 8931882927E4164600A98505 /* Build configuration list for PBXProject "DataBinding" */;
			compatibilityVersion = "Xcode 13.0";
			developmentRegion = en;
			hasScannedForEncodings = 0;
			knownRegions = (
				en,
				Base,
			);
			mainGroup = 8931882527E4164600A98505;
			productRefGroup = 8931882F27E4164600A98505 /* Products */;
			projectDirPath = "";
			projectRoot = "";
			targets = (
				8931882D27E4164600A98505 /* DataBinding */,
			);
		};
/* End PBXProject section */

/* Begin PBXResourcesBuildPhase section */
		8931882C27E4164600A98505 /* Resources */ = {
			isa = PBXResourcesBuildPhase;
			buildActionMask = 2147483647;
			files = (
				8931883E27E4164700A98505 /* LaunchScreen.storyboard in Resources */,
				8931883B27E4164700A98505 /* Assets.xcassets in Resources */,
				89348C7127E8895F00149A60 /* MyCollectionViewCell.xib in Resources */,
				8931883927E4164600A98505 /* Main.storyboard in Resources */,
			);
			runOnlyForDeploymentPostprocessing = 0;
		};
/* End PBXResourcesBuildPhase section */

/* Begin PBXSourcesBuildPhase section */
		8931882A27E4164600A98505 /* Sources */ = {
			isa = PBXSourcesBuildPhase;
			buildActionMask = 2147483647;
			files = (
				89348C6B27E87D0300149A60 /* CollectionViewController.swift in Sources */,
				894DDF1027F5494D009FDE68 /* NewImageController.swift in Sources */,
				896B74F527EC2CD6001684C4 /* ColorExt.swift in Sources */,
				8931885927E42B4C00A98505 /* Observable.swift in Sources */,
				8931885027E4216800A98505 /* ViewModelProtocol.swift in Sources */,
				8931884B27E420C400A98505 /* User.swift in Sources */,
				8931883627E4164600A98505 /* ViewController.swift in Sources */,
				8931883227E4164600A98505 /* AppDelegate.swift in Sources */,
				89348C7727E9AEE500149A60 /* MyCollectionView.swift in Sources */,
				8931885427E4252F00A98505 /* ViewModel.swift in Sources */,
				8931885727E426EB00A98505 /* APIService.swift in Sources */,
				896B74F227EC1E86001684C4 /* ImageViewController.swift in Sources */,
				8931883427E4164600A98505 /* SceneDelegate.swift in Sources */,
			);
			runOnlyForDeploymentPostprocessing = 0;
		};
/* End PBXSourcesBuildPhase section */

/* Begin PBXVariantGroup section */
		8931883727E4164600A98505 /* Main.storyboard */ = {
			isa = PBXVariantGroup;
			children = (
				8931883827E4164600A98505 /* Base */,
			);
			name = Main.storyboard;
			sourceTree = "<group>";
		};
		8931883C27E4164700A98505 /* LaunchScreen.storyboard */ = {
			isa = PBXVariantGroup;
			children = (
				8931883D27E4164700A98505 /* Base */,
			);
			name = LaunchScreen.storyboard;
			sourceTree = "<group>";
		};
/* End PBXVariantGroup section */

/* Begin XCBuildConfiguration section */
		8931884027E4164700A98505 /* Debug */ = {
			isa = XCBuildConfiguration;
			buildSettings = {
				ALWAYS_SEARCH_USER_PATHS = NO;
				CLANG_ANALYZER_NONNULL = YES;
				CLANG_ANALYZER_NUMBER_OBJECT_CONVERSION = YES_AGGRESSIVE;
				CLANG_CXX_LANGUAGE_STANDARD = "gnu++17";
				CLANG_CXX_LIBRARY = "libc++";
				CLANG_ENABLE_MODULES = YES;
				CLANG_ENABLE_OBJC_ARC = YES;
				CLANG_ENABLE_OBJC_WEAK = YES;
				CLANG_WARN_BLOCK_CAPTURE_AUTORELEASING = YES;
				CLANG_WARN_BOOL_CONVERSION = YES;
				CLANG_WARN_COMMA = YES;
				CLANG_WARN_CONSTANT_CONVERSION = YES;
				CLANG_WARN_DEPRECATED_OBJC_IMPLEMENTATIONS = YES;
				CLANG_WARN_DIRECT_OBJC_ISA_USAGE = YES_ERROR;
				CLANG_WARN_DOCUMENTATION_COMMENTS = YES;
				CLANG_WARN_EMPTY_BODY = YES;
				CLANG_WARN_ENUM_CONVERSION = YES;
				CLANG_WARN_INFINITE_RECURSION = YES;
				CLANG_WARN_INT_CONVERSION = YES;
				CLANG_WARN_NON_LITERAL_NULL_CONVERSION = YES;
				CLANG_WARN_OBJC_IMPLICIT_RETAIN_SELF = YES;
				CLANG_WARN_OBJC_LITERAL_CONVERSION = YES;
				CLANG_WARN_OBJC_ROOT_CLASS = YES_ERROR;
				CLANG_WARN_QUOTED_INCLUDE_IN_FRAMEWORK_HEADER = YES;
				CLANG_WARN_RANGE_LOOP_ANALYSIS = YES;
				CLANG_WARN_STRICT_PROTOTYPES = YES;
				CLANG_WARN_SUSPICIOUS_MOVE = YES;
				CLANG_WARN_UNGUARDED_AVAILABILITY = YES_AGGRESSIVE;
				CLANG_WARN_UNREACHABLE_CODE = YES;
				CLANG_WARN__DUPLICATE_METHOD_MATCH = YES;
				COPY_PHASE_STRIP = NO;
				DEBUG_INFORMATION_FORMAT = dwarf;
				ENABLE_STRICT_OBJC_MSGSEND = YES;
				ENABLE_TESTABILITY = YES;
				GCC_C_LANGUAGE_STANDARD = gnu11;
				GCC_DYNAMIC_NO_PIC = NO;
				GCC_NO_COMMON_BLOCKS = YES;
				GCC_OPTIMIZATION_LEVEL = 0;
				GCC_PREPROCESSOR_DEFINITIONS = (
					"DEBUG=1",
					"$(inherited)",
				);
				GCC_WARN_64_TO_32_BIT_CONVERSION = YES;
				GCC_WARN_ABOUT_RETURN_TYPE = YES_ERROR;
				GCC_WARN_UNDECLARED_SELECTOR = YES;
				GCC_WARN_UNINITIALIZED_AUTOS = YES_AGGRESSIVE;
				GCC_WARN_UNUSED_FUNCTION = YES;
				GCC_WARN_UNUSED_VARIABLE = YES;
				IPHONEOS_DEPLOYMENT_TARGET = 15.2;
				MTL_ENABLE_DEBUG_INFO = INCLUDE_SOURCE;
				MTL_FAST_MATH = YES;
				ONLY_ACTIVE_ARCH = YES;
				SDKROOT = iphoneos;
				SWIFT_ACTIVE_COMPILATION_CONDITIONS = DEBUG;
				SWIFT_OPTIMIZATION_LEVEL = "-Onone";
			};
			name = Debug;
		};
		8931884127E4164700A98505 /* Release */ = {
			isa = XCBuildConfiguration;
			buildSettings = {
				ALWAYS_SEARCH_USER_PATHS = NO;
				CLANG_ANALYZER_NONNULL = YES;
				CLANG_ANALYZER_NUMBER_OBJECT_CONVERSION = YES_AGGRESSIVE;
				CLANG_CXX_LANGUAGE_STANDARD = "gnu++17";
				CLANG_CXX_LIBRARY = "libc++";
				CLANG_ENABLE_MODULES = YES;
				CLANG_ENABLE_OBJC_ARC = YES;
				CLANG_ENABLE_OBJC_WEAK = YES;
				CLANG_WARN_BLOCK_CAPTURE_AUTORELEASING = YES;
				CLANG_WARN_BOOL_CONVERSION = YES;
				CLANG_WARN_COMMA = YES;
				CLANG_WARN_CONSTANT_CONVERSION = YES;
				CLANG_WARN_DEPRECATED_OBJC_IMPLEMENTATIONS = YES;
				CLANG_WARN_DIRECT_OBJC_ISA_USAGE = YES_ERROR;
				CLANG_WARN_DOCUMENTATION_COMMENTS = YES;
				CLANG_WARN_EMPTY_BODY = YES;
				CLANG_WARN_ENUM_CONVERSION = YES;
				CLANG_WARN_INFINITE_RECURSION = YES;
				CLANG_WARN_INT_CONVERSION = YES;
				CLANG_WARN_NON_LITERAL_NULL_CONVERSION = YES;
				CLANG_WARN_OBJC_IMPLICIT_RETAIN_SELF = YES;
				CLANG_WARN_OBJC_LITERAL_CONVERSION = YES;
				CLANG_WARN_OBJC_ROOT_CLASS = YES_ERROR;
				CLANG_WARN_QUOTED_INCLUDE_IN_FRAMEWORK_HEADER = YES;
				CLANG_WARN_RANGE_LOOP_ANALYSIS = YES;
				CLANG_WARN_STRICT_PROTOTYPES = YES;
				CLANG_WARN_SUSPICIOUS_MOVE = YES;
				CLANG_WARN_UNGUARDED_AVAILABILITY = YES_AGGRESSIVE;
				CLANG_WARN_UNREACHABLE_CODE = YES;
				CLANG_WARN__DUPLICATE_METHOD_MATCH = YES;
				COPY_PHASE_STRIP = NO;
				DEBUG_INFORMATION_FORMAT = "dwarf-with-dsym";
				ENABLE_NS_ASSERTIONS = NO;
				ENABLE_STRICT_OBJC_MSGSEND = YES;
				GCC_C_LANGUAGE_STANDARD = gnu11;
				GCC_NO_COMMON_BLOCKS = YES;
				GCC_WARN_64_TO_32_BIT_CONVERSION = YES;
				GCC_WARN_ABOUT_RETURN_TYPE = YES_ERROR;
				GCC_WARN_UNDECLARED_SELECTOR = YES;
				GCC_WARN_UNINITIALIZED_AUTOS = YES_AGGRESSIVE;
				GCC_WARN_UNUSED_FUNCTION = YES;
				GCC_WARN_UNUSED_VARIABLE = YES;
				IPHONEOS_DEPLOYMENT_TARGET = 15.2;
				MTL_ENABLE_DEBUG_INFO = NO;
				MTL_FAST_MATH = YES;
				SDKROOT = iphoneos;
				SWIFT_COMPILATION_MODE = wholemodule;
				SWIFT_OPTIMIZATION_LEVEL = "-O";
				VALIDATE_PRODUCT = YES;
			};
			name = Release;
		};
		8931884327E4164700A98505 /* Debug */ = {
			isa = XCBuildConfiguration;
			buildSettings = {
				ASSETCATALOG_COMPILER_APPICON_NAME = AppIcon;
				ASSETCATALOG_COMPILER_GLOBAL_ACCENT_COLOR_NAME = AccentColor;
				CODE_SIGN_STYLE = Automatic;
				CURRENT_PROJECT_VERSION = 1;
				DEVELOPMENT_TEAM = CYD975A943;
				GENERATE_INFOPLIST_FILE = YES;
				INFOPLIST_FILE = DataBinding/Info.plist;
				INFOPLIST_KEY_UIApplicationSupportsIndirectInputEvents = YES;
				INFOPLIST_KEY_UILaunchStoryboardName = LaunchScreen;
				INFOPLIST_KEY_UIMainStoryboardFile = Main;
				INFOPLIST_KEY_UISupportedInterfaceOrientations_iPad = "UIInterfaceOrientationPortrait UIInterfaceOrientationPortraitUpsideDown UIInterfaceOrientationLandscapeLeft UIInterfaceOrientationLandscapeRight";
				INFOPLIST_KEY_UISupportedInterfaceOrientations_iPhone = "UIInterfaceOrientationPortrait UIInterfaceOrientationLandscapeLeft UIInterfaceOrientationLandscapeRight";
				IPHONEOS_DEPLOYMENT_TARGET = 15.2;
				LD_RUNPATH_SEARCH_PATHS = (
					"$(inherited)",
					"@executable_path/Frameworks",
				);
				MARKETING_VERSION = 1.0;
				PRODUCT_BUNDLE_IDENTIFIER = vn.vnpt.DataBinding;
				PRODUCT_NAME = "$(TARGET_NAME)";
				SWIFT_EMIT_LOC_STRINGS = YES;
				SWIFT_VERSION = 5.0;
				TARGETED_DEVICE_FAMILY = "1,2";
			};
			name = Debug;
		};
		8931884427E4164700A98505 /* Release */ = {
			isa = XCBuildConfiguration;
			buildSettings = {
				ASSETCATALOG_COMPILER_APPICON_NAME = AppIcon;
				ASSETCATALOG_COMPILER_GLOBAL_ACCENT_COLOR_NAME = AccentColor;
				CODE_SIGN_STYLE = Automatic;
				CURRENT_PROJECT_VERSION = 1;
				DEVELOPMENT_TEAM = CYD975A943;
				GENERATE_INFOPLIST_FILE = YES;
				INFOPLIST_FILE = DataBinding/Info.plist;
				INFOPLIST_KEY_UIApplicationSupportsIndirectInputEvents = YES;
				INFOPLIST_KEY_UILaunchStoryboardName = LaunchScreen;
				INFOPLIST_KEY_UIMainStoryboardFile = Main;
				INFOPLIST_KEY_UISupportedInterfaceOrientations_iPad = "UIInterfaceOrientationPortrait UIInterfaceOrientationPortraitUpsideDown UIInterfaceOrientationLandscapeLeft UIInterfaceOrientationLandscapeRight";
				INFOPLIST_KEY_UISupportedInterfaceOrientations_iPhone = "UIInterfaceOrientationPortrait UIInterfaceOrientationLandscapeLeft UIInterfaceOrientationLandscapeRight";
				IPHONEOS_DEPLOYMENT_TARGET = 15.2;
				LD_RUNPATH_SEARCH_PATHS = (
					"$(inherited)",
					"@executable_path/Frameworks",
				);
				MARKETING_VERSION = 1.0;
				PRODUCT_BUNDLE_IDENTIFIER = vn.vnpt.DataBinding;
				PRODUCT_NAME = "$(TARGET_NAME)";
				SWIFT_EMIT_LOC_STRINGS = YES;
				SWIFT_VERSION = 5.0;
				TARGETED_DEVICE_FAMILY = "1,2";
			};
			name = Release;
		};
/* End XCBuildConfiguration section */

/* Begin XCConfigurationList section */
		8931882927E4164600A98505 /* Build configuration list for PBXProject "DataBinding" */ = {
			isa = XCConfigurationList;
			buildConfigurations = (
				8931884027E4164700A98505 /* Debug */,
				8931884127E4164700A98505 /* Release */,
			);
			defaultConfigurationIsVisible = 0;
			defaultConfigurationName = Release;
		};
		8931884227E4164700A98505 /* Build configuration list for PBXNativeTarget "DataBinding" */ = {
			isa = XCConfigurationList;
			buildConfigurations = (
				8931884327E4164700A98505 /* Debug */,
				8931884427E4164700A98505 /* Release */,
			);
			defaultConfigurationIsVisible = 0;
			defaultConfigurationName = Release;
		};
/* End XCConfigurationList section */
	};
	rootObject = 8931882627E4164600A98505 /* Project object */;
}
